
Microsoft Visual Studio Solution File, Format Version 12.00
# Visual Studio Version 17
VisualStudioVersion = 17.3.32922.545
MinimumVisualStudioVersion = 10.0.40219.1
Project("{FAE04EC0-301F-11D3-BF4B-00C04F79EFBC}") = "PaymentSQL", "PaymentSQL\PaymentSQL.csproj", "{9B4706D9-2AF1-4EC8-B4C7-B5EF72262A35}"
EndProject
Global
	GlobalSection(SolutionConfigurationPlatforms) = preSolution
		Debug|Any CPU = Debug|Any CPU
		Release|Any CPU = Release|Any CPU
	EndGlobalSection
	GlobalSection(ProjectConfigurationPlatforms) = postSolution
		{9B4706D9-2AF1-4EC8-B4C7-B5EF72262A35}.Debug|Any CPU.ActiveCfg = Debug|Any CPU
		{9B4706D9-2AF1-4EC8-B4C7-B5EF72262A35}.Debug|Any CPU.Build.0 = Debug|Any CPU
		{9B4706D9-2AF1-4EC8-B4C7-B5EF72262A35}.Release|Any CPU.ActiveCfg = Release|Any CPU
		{9B4706D9-2AF1-4EC8-B4C7-B5EF72262A35}.Release|Any CPU.Build.0 = Release|Any CPU
	EndGlobalSection
	GlobalSection(SolutionProperties) = preSolution
		HideSolutionNode = FALSE
	EndGlobalSection
	GlobalSection(ExtensibilityGlobals) = postSolution
		SolutionGuid = {0A4BC3A6-100F-487B-866E-0A07116F6B97}
	EndGlobalSection
EndGlobal
